
Microsoft Visual Studio Solution File, Format Version 12.00
# Visual Studio Version 16
VisualStudioVersion = 16.0.31624.102
MinimumVisualStudioVersion = 10.0.40219.1
Project("{9A19103F-16F7-4668-BE54-9A1E7A4F7556}") = "AngularRomanCalculator", "AngularRomanCalculator\AngularRomanCalculator.csproj", "{2ABFDD75-4FC9-4B56-870F-F686842C96B2}"
EndProject
Project("{FAE04EC0-301F-11D3-BF4B-00C04F79EFBC}") = "AngularRomanCalculatorTest", "AngularRomanCalculatorTest\AngularRomanCalculatorTest.csproj", "{327746A3-48B6-4373-B66F-FE70BA17CA0C}"
EndProject
Global
	GlobalSection(SolutionConfigurationPlatforms) = preSolution
		Debug|Any CPU = Debug|Any CPU
		Release|Any CPU = Release|Any CPU
	EndGlobalSection
	GlobalSection(ProjectConfigurationPlatforms) = postSolution
		{2ABFDD75-4FC9-4B56-870F-F686842C96B2}.Debug|Any CPU.ActiveCfg = Debug|Any CPU
		{2ABFDD75-4FC9-4B56-870F-F686842C96B2}.Debug|Any CPU.Build.0 = Debug|Any CPU
		{2ABFDD75-4FC9-4B56-870F-F686842C96B2}.Release|Any CPU.ActiveCfg = Release|Any CPU
		{2ABFDD75-4FC9-4B56-870F-F686842C96B2}.Release|Any CPU.Build.0 = Release|Any CPU
		{327746A3-48B6-4373-B66F-FE70BA17CA0C}.Debug|Any CPU.ActiveCfg = Debug|Any CPU
		{327746A3-48B6-4373-B66F-FE70BA17CA0C}.Debug|Any CPU.Build.0 = Debug|Any CPU
		{327746A3-48B6-4373-B66F-FE70BA17CA0C}.Release|Any CPU.ActiveCfg = Release|Any CPU
		{327746A3-48B6-4373-B66F-FE70BA17CA0C}.Release|Any CPU.Build.0 = Release|Any CPU
	EndGlobalSection
	GlobalSection(SolutionProperties) = preSolution
		HideSolutionNode = FALSE
	EndGlobalSection
	GlobalSection(ExtensibilityGlobals) = postSolution
		SolutionGuid = {FC09F96C-9556-4775-A5DA-B8E90CD31400}
	EndGlobalSection
EndGlobal
